
Microsoft Visual Studio Solution File, Format Version 12.00
# Visual Studio 15
VisualStudioVersion = 15.0.28010.2026
MinimumVisualStudioVersion = 10.0.40219.1
Project("{FAE04EC0-301F-11D3-BF4B-00C04F79EFBC}") = "CameraBazar.Web", "CameraBazar.Web\CameraBazar.Web.csproj", "{7571AFB4-D413-4A72-8B06-325D1F4E69DD}"
EndProject
Project("{FAE04EC0-301F-11D3-BF4B-00C04F79EFBC}") = "CameraBazar.Data", "CameraBazar.Data\CameraBazar.Data.csproj", "{BAA6312D-334C-4968-AE81-CF2D334771CA}"
EndProject
Project("{FAE04EC0-301F-11D3-BF4B-00C04F79EFBC}") = "CameraBazar.Services", "CameraBazar.Services\CameraBazar.Services.csproj", "{9F645700-0D59-4A33-9417-0F8F44E45E77}"
EndProject
Global
	GlobalSection(SolutionConfigurationPlatforms) = preSolution
		Debug|Any CPU = Debug|Any CPU
		Release|Any CPU = Release|Any CPU
	EndGlobalSection
	GlobalSection(ProjectConfigurationPlatforms) = postSolution
		{7571AFB4-D413-4A72-8B06-325D1F4E69DD}.Debug|Any CPU.ActiveCfg = Debug|Any CPU
		{7571AFB4-D413-4A72-8B06-325D1F4E69DD}.Debug|Any CPU.Build.0 = Debug|Any CPU
		{7571AFB4-D413-4A72-8B06-325D1F4E69DD}.Release|Any CPU.ActiveCfg = Release|Any CPU
		{7571AFB4-D413-4A72-8B06-325D1F4E69DD}.Release|Any CPU.Build.0 = Release|Any CPU
		{BAA6312D-334C-4968-AE81-CF2D334771CA}.Debug|Any CPU.ActiveCfg = Debug|Any CPU
		{BAA6312D-334C-4968-AE81-CF2D334771CA}.Debug|Any CPU.Build.0 = Debug|Any CPU
		{BAA6312D-334C-4968-AE81-CF2D334771CA}.Release|Any CPU.ActiveCfg = Release|Any CPU
		{BAA6312D-334C-4968-AE81-CF2D334771CA}.Release|Any CPU.Build.0 = Release|Any CPU
		{9F645700-0D59-4A33-9417-0F8F44E45E77}.Debug|Any CPU.ActiveCfg = Debug|Any CPU
		{9F645700-0D59-4A33-9417-0F8F44E45E77}.Debug|Any CPU.Build.0 = Debug|Any CPU
		{9F645700-0D59-4A33-9417-0F8F44E45E77}.Release|Any CPU.ActiveCfg = Release|Any CPU
		{9F645700-0D59-4A33-9417-0F8F44E45E77}.Release|Any CPU.Build.0 = Release|Any CPU
	EndGlobalSection
	GlobalSection(SolutionProperties) = preSolution
		HideSolutionNode = FALSE
	EndGlobalSection
	GlobalSection(ExtensibilityGlobals) = postSolution
		SolutionGuid = {26E95876-98AD-436F-86F1-09BB7A6780FA}
	EndGlobalSection
EndGlobal
