
Microsoft Visual Studio Solution File, Format Version 12.00
# Visual Studio 15
VisualStudioVersion = 15.0.27130.2027
MinimumVisualStudioVersion = 10.0.40219.1
Project("{9A19103F-16F7-4668-BE54-9A1E7A4F7556}") = "P01_Logger", "P01_Logger\P01_Logger.csproj", "{131CB008-2998-40EF-9A6E-148B49679C6A}"
EndProject
Project("{FAE04EC0-301F-11D3-BF4B-00C04F79EFBC}") = "P01_Logger.Models", "P01_Logger.Models\P01_Logger.Models.csproj", "{49224129-9956-4496-9A1F-E0CDDCA133ED}"
EndProject
Global
	GlobalSection(SolutionConfigurationPlatforms) = preSolution
		Debug|Any CPU = Debug|Any CPU
		Release|Any CPU = Release|Any CPU
	EndGlobalSection
	GlobalSection(ProjectConfigurationPlatforms) = postSolution
		{131CB008-2998-40EF-9A6E-148B49679C6A}.Debug|Any CPU.ActiveCfg = Debug|Any CPU
		{131CB008-2998-40EF-9A6E-148B49679C6A}.Debug|Any CPU.Build.0 = Debug|Any CPU
		{131CB008-2998-40EF-9A6E-148B49679C6A}.Release|Any CPU.ActiveCfg = Release|Any CPU
		{131CB008-2998-40EF-9A6E-148B49679C6A}.Release|Any CPU.Build.0 = Release|Any CPU
		{49224129-9956-4496-9A1F-E0CDDCA133ED}.Debug|Any CPU.ActiveCfg = Debug|Any CPU
		{49224129-9956-4496-9A1F-E0CDDCA133ED}.Debug|Any CPU.Build.0 = Debug|Any CPU
		{49224129-9956-4496-9A1F-E0CDDCA133ED}.Release|Any CPU.ActiveCfg = Release|Any CPU
		{49224129-9956-4496-9A1F-E0CDDCA133ED}.Release|Any CPU.Build.0 = Release|Any CPU
	EndGlobalSection
	GlobalSection(SolutionProperties) = preSolution
		HideSolutionNode = FALSE
	EndGlobalSection
	GlobalSection(ExtensibilityGlobals) = postSolution
		SolutionGuid = {1899A088-03DD-49FC-9C48-663826D6DD52}
	EndGlobalSection
EndGlobal
