
Microsoft Visual Studio Solution File, Format Version 12.00
# Visual Studio 15
VisualStudioVersion = 15.0.26430.13
MinimumVisualStudioVersion = 10.0.40219.1
Project("{FAE04EC0-301F-11D3-BF4B-00C04F79EFBC}") = "HornetWings", "HornetWings\HornetWings.csproj", "{677642CE-1C97-4C34-8CCB-3CCB2359B21B}"
EndProject
Project("{FAE04EC0-301F-11D3-BF4B-00C04F79EFBC}") = "HornetComm", "HornetComm\HornetComm.csproj", "{45900306-2051-4F15-BC94-BE1B8BB03BBA}"
EndProject
Project("{FAE04EC0-301F-11D3-BF4B-00C04F79EFBC}") = "HornetAssault", "HornetAssault\HornetAssault.csproj", "{0FE3C0A1-A31A-4886-BE7F-1B565D5795C2}"
EndProject
Project("{FAE04EC0-301F-11D3-BF4B-00C04F79EFBC}") = "HornetArmada", "HornetArmada\HornetArmada.csproj", "{95F6E862-A6D7-456A-BE66-203A162DF833}"
EndProject
Global
	GlobalSection(SolutionConfigurationPlatforms) = preSolution
		Debug|Any CPU = Debug|Any CPU
		Release|Any CPU = Release|Any CPU
	EndGlobalSection
	GlobalSection(ProjectConfigurationPlatforms) = postSolution
		{677642CE-1C97-4C34-8CCB-3CCB2359B21B}.Debug|Any CPU.ActiveCfg = Debug|Any CPU
		{677642CE-1C97-4C34-8CCB-3CCB2359B21B}.Debug|Any CPU.Build.0 = Debug|Any CPU
		{677642CE-1C97-4C34-8CCB-3CCB2359B21B}.Release|Any CPU.ActiveCfg = Release|Any CPU
		{677642CE-1C97-4C34-8CCB-3CCB2359B21B}.Release|Any CPU.Build.0 = Release|Any CPU
		{45900306-2051-4F15-BC94-BE1B8BB03BBA}.Debug|Any CPU.ActiveCfg = Debug|Any CPU
		{45900306-2051-4F15-BC94-BE1B8BB03BBA}.Debug|Any CPU.Build.0 = Debug|Any CPU
		{45900306-2051-4F15-BC94-BE1B8BB03BBA}.Release|Any CPU.ActiveCfg = Release|Any CPU
		{45900306-2051-4F15-BC94-BE1B8BB03BBA}.Release|Any CPU.Build.0 = Release|Any CPU
		{0FE3C0A1-A31A-4886-BE7F-1B565D5795C2}.Debug|Any CPU.ActiveCfg = Debug|Any CPU
		{0FE3C0A1-A31A-4886-BE7F-1B565D5795C2}.Debug|Any CPU.Build.0 = Debug|Any CPU
		{0FE3C0A1-A31A-4886-BE7F-1B565D5795C2}.Release|Any CPU.ActiveCfg = Release|Any CPU
		{0FE3C0A1-A31A-4886-BE7F-1B565D5795C2}.Release|Any CPU.Build.0 = Release|Any CPU
		{95F6E862-A6D7-456A-BE66-203A162DF833}.Debug|Any CPU.ActiveCfg = Debug|Any CPU
		{95F6E862-A6D7-456A-BE66-203A162DF833}.Debug|Any CPU.Build.0 = Debug|Any CPU
		{95F6E862-A6D7-456A-BE66-203A162DF833}.Release|Any CPU.ActiveCfg = Release|Any CPU
		{95F6E862-A6D7-456A-BE66-203A162DF833}.Release|Any CPU.Build.0 = Release|Any CPU
	EndGlobalSection
	GlobalSection(SolutionProperties) = preSolution
		HideSolutionNode = FALSE
	EndGlobalSection
EndGlobal
