
Microsoft Visual Studio Solution File, Format Version 12.00
# Visual Studio 15
VisualStudioVersion = 15.0.27130.2027
MinimumVisualStudioVersion = 10.0.40219.1
Project("{FAE04EC0-301F-11D3-BF4B-00C04F79EFBC}") = "P01_Library", "P01_Library\P01_Library.csproj", "{A27D54D0-377D-40F9-A750-82413FF4357E}"
EndProject
Global
	GlobalSection(SolutionConfigurationPlatforms) = preSolution
		Debug|Any CPU = Debug|Any CPU
		Release|Any CPU = Release|Any CPU
	EndGlobalSection
	GlobalSection(ProjectConfigurationPlatforms) = postSolution
		{A27D54D0-377D-40F9-A750-82413FF4357E}.Debug|Any CPU.ActiveCfg = Debug|Any CPU
		{A27D54D0-377D-40F9-A750-82413FF4357E}.Debug|Any CPU.Build.0 = Debug|Any CPU
		{A27D54D0-377D-40F9-A750-82413FF4357E}.Release|Any CPU.ActiveCfg = Release|Any CPU
		{A27D54D0-377D-40F9-A750-82413FF4357E}.Release|Any CPU.Build.0 = Release|Any CPU
	EndGlobalSection
	GlobalSection(SolutionProperties) = preSolution
		HideSolutionNode = FALSE
	EndGlobalSection
	GlobalSection(ExtensibilityGlobals) = postSolution
		SolutionGuid = {192C02D2-99DA-419F-98BE-0D9F13A0EE7C}
	EndGlobalSection
EndGlobal
