
Microsoft Visual Studio Solution File, Format Version 12.00
# Visual Studio 15
VisualStudioVersion = 15.0.27703.2035
MinimumVisualStudioVersion = 10.0.40219.1
Project("{9A19103F-16F7-4668-BE54-9A1E7A4F7556}") = "BookShop.StartUp", "BookShop.StartUp\BookShop.StartUp.csproj", "{F6BF7C63-B550-4479-BE27-C08A0EA2F8C2}"
EndProject
Project("{9A19103F-16F7-4668-BE54-9A1E7A4F7556}") = "BookShop.Data", "BookShop.Data\BookShop.Data.csproj", "{458665E4-5289-4CC7-ADEF-9C675D5D8146}"
EndProject
Project("{9A19103F-16F7-4668-BE54-9A1E7A4F7556}") = "BookShop.Models", "BookShop.Models\BookShop.Models.csproj", "{6BD49F36-2CA3-4811-B99C-6DA1DD9DF44C}"
EndProject
Project("{9A19103F-16F7-4668-BE54-9A1E7A4F7556}") = "BookShop.Initializer", "BookShop.Initializer\BookShop.Initializer.csproj", "{638D37A4-9621-44E8-9F5E-E6E9D41D8E13}"
EndProject
Global
	GlobalSection(SolutionConfigurationPlatforms) = preSolution
		Debug|Any CPU = Debug|Any CPU
		Release|Any CPU = Release|Any CPU
	EndGlobalSection
	GlobalSection(ProjectConfigurationPlatforms) = postSolution
		{F6BF7C63-B550-4479-BE27-C08A0EA2F8C2}.Debug|Any CPU.ActiveCfg = Debug|Any CPU
		{F6BF7C63-B550-4479-BE27-C08A0EA2F8C2}.Debug|Any CPU.Build.0 = Debug|Any CPU
		{F6BF7C63-B550-4479-BE27-C08A0EA2F8C2}.Release|Any CPU.ActiveCfg = Release|Any CPU
		{F6BF7C63-B550-4479-BE27-C08A0EA2F8C2}.Release|Any CPU.Build.0 = Release|Any CPU
		{458665E4-5289-4CC7-ADEF-9C675D5D8146}.Debug|Any CPU.ActiveCfg = Debug|Any CPU
		{458665E4-5289-4CC7-ADEF-9C675D5D8146}.Debug|Any CPU.Build.0 = Debug|Any CPU
		{458665E4-5289-4CC7-ADEF-9C675D5D8146}.Release|Any CPU.ActiveCfg = Release|Any CPU
		{458665E4-5289-4CC7-ADEF-9C675D5D8146}.Release|Any CPU.Build.0 = Release|Any CPU
		{6BD49F36-2CA3-4811-B99C-6DA1DD9DF44C}.Debug|Any CPU.ActiveCfg = Debug|Any CPU
		{6BD49F36-2CA3-4811-B99C-6DA1DD9DF44C}.Debug|Any CPU.Build.0 = Debug|Any CPU
		{6BD49F36-2CA3-4811-B99C-6DA1DD9DF44C}.Release|Any CPU.ActiveCfg = Release|Any CPU
		{6BD49F36-2CA3-4811-B99C-6DA1DD9DF44C}.Release|Any CPU.Build.0 = Release|Any CPU
		{638D37A4-9621-44E8-9F5E-E6E9D41D8E13}.Debug|Any CPU.ActiveCfg = Debug|Any CPU
		{638D37A4-9621-44E8-9F5E-E6E9D41D8E13}.Debug|Any CPU.Build.0 = Debug|Any CPU
		{638D37A4-9621-44E8-9F5E-E6E9D41D8E13}.Release|Any CPU.ActiveCfg = Release|Any CPU
		{638D37A4-9621-44E8-9F5E-E6E9D41D8E13}.Release|Any CPU.Build.0 = Release|Any CPU
	EndGlobalSection
	GlobalSection(SolutionProperties) = preSolution
		HideSolutionNode = FALSE
	EndGlobalSection
	GlobalSection(ExtensibilityGlobals) = postSolution
		SolutionGuid = {C98DC949-4454-48E6-AD7C-7F239ED933BF}
	EndGlobalSection
EndGlobal
