
Microsoft Visual Studio Solution File, Format Version 12.00
# Visual Studio 15
VisualStudioVersion = 15.0.27130.2027
MinimumVisualStudioVersion = 10.0.40219.1
Project("{FAE04EC0-301F-11D3-BF4B-00C04F79EFBC}") = "P01_Shapes", "P01_Shapes\P01_Shapes.csproj", "{7BA0EA47-A30B-497C-9A5D-440972AB169B}"
EndProject
Project("{FAE04EC0-301F-11D3-BF4B-00C04F79EFBC}") = "P02_Cars", "P02_Cars\P02_Cars.csproj", "{FEA2814B-3C19-4AD2-AED4-4F86820017CA}"
EndProject
Global
	GlobalSection(SolutionConfigurationPlatforms) = preSolution
		Debug|Any CPU = Debug|Any CPU
		Release|Any CPU = Release|Any CPU
	EndGlobalSection
	GlobalSection(ProjectConfigurationPlatforms) = postSolution
		{7BA0EA47-A30B-497C-9A5D-440972AB169B}.Debug|Any CPU.ActiveCfg = Debug|Any CPU
		{7BA0EA47-A30B-497C-9A5D-440972AB169B}.Debug|Any CPU.Build.0 = Debug|Any CPU
		{7BA0EA47-A30B-497C-9A5D-440972AB169B}.Release|Any CPU.ActiveCfg = Release|Any CPU
		{7BA0EA47-A30B-497C-9A5D-440972AB169B}.Release|Any CPU.Build.0 = Release|Any CPU
		{FEA2814B-3C19-4AD2-AED4-4F86820017CA}.Debug|Any CPU.ActiveCfg = Debug|Any CPU
		{FEA2814B-3C19-4AD2-AED4-4F86820017CA}.Debug|Any CPU.Build.0 = Debug|Any CPU
		{FEA2814B-3C19-4AD2-AED4-4F86820017CA}.Release|Any CPU.ActiveCfg = Release|Any CPU
		{FEA2814B-3C19-4AD2-AED4-4F86820017CA}.Release|Any CPU.Build.0 = Release|Any CPU
	EndGlobalSection
	GlobalSection(SolutionProperties) = preSolution
		HideSolutionNode = FALSE
	EndGlobalSection
	GlobalSection(ExtensibilityGlobals) = postSolution
		SolutionGuid = {C82F5642-6D40-4C05-882E-213025390FB9}
	EndGlobalSection
EndGlobal
