
Microsoft Visual Studio Solution File, Format Version 12.00
# Visual Studio 15
VisualStudioVersion = 15.0.27130.2020
MinimumVisualStudioVersion = 10.0.40219.1
Project("{FAE04EC0-301F-11D3-BF4B-00C04F79EFBC}") = "P01_BankAccount", "P01_BankAccount\P01_BankAccount.csproj", "{D80F3612-4337-495A-AC01-A4592E96A430}"
EndProject
Global
	GlobalSection(SolutionConfigurationPlatforms) = preSolution
		Debug|Any CPU = Debug|Any CPU
		Release|Any CPU = Release|Any CPU
	EndGlobalSection
	GlobalSection(ProjectConfigurationPlatforms) = postSolution
		{D80F3612-4337-495A-AC01-A4592E96A430}.Debug|Any CPU.ActiveCfg = Debug|Any CPU
		{D80F3612-4337-495A-AC01-A4592E96A430}.Debug|Any CPU.Build.0 = Debug|Any CPU
		{D80F3612-4337-495A-AC01-A4592E96A430}.Release|Any CPU.ActiveCfg = Release|Any CPU
		{D80F3612-4337-495A-AC01-A4592E96A430}.Release|Any CPU.Build.0 = Release|Any CPU
	EndGlobalSection
	GlobalSection(SolutionProperties) = preSolution
		HideSolutionNode = FALSE
	EndGlobalSection
	GlobalSection(ExtensibilityGlobals) = postSolution
		SolutionGuid = {B1D9AFA1-FD76-4C9E-8A95-8080B1E9CC5F}
	EndGlobalSection
EndGlobal
