
Microsoft Visual Studio Solution File, Format Version 12.00
# Visual Studio 15
VisualStudioVersion = 15.0.28010.2026
MinimumVisualStudioVersion = 10.0.40219.1
Project("{9A19103F-16F7-4668-BE54-9A1E7A4F7556}") = "SIS.HTTP", "SIS.HTTP\SIS.HTTP.csproj", "{D67E13B8-AC3B-4512-B73A-41AE39B10157}"
EndProject
Project("{9A19103F-16F7-4668-BE54-9A1E7A4F7556}") = "SIS.WebServer", "SIS.WebServer\SIS.WebServer.csproj", "{C25A9929-7CE1-43E3-A48C-9567A775519F}"
EndProject
Project("{9A19103F-16F7-4668-BE54-9A1E7A4F7556}") = "SIS.Demo", "SIS.Demo\SIS.Demo.csproj", "{19DE7537-B813-4D59-A377-FE211381EE80}"
EndProject
Project("{2150E333-8FDC-42A3-9474-1A3956D46DE8}") = "Apps", "Apps", "{8F99F8C5-938A-454A-A38B-81B053239D27}"
EndProject
Project("{2150E333-8FDC-42A3-9474-1A3956D46DE8}") = "IRunesApp", "IRunesApp", "{CB94902B-3B84-4C46-B5B5-AD78FC24638F}"
EndProject
Project("{9A19103F-16F7-4668-BE54-9A1E7A4F7556}") = "IRunes.Web", "IRunes.Web\IRunes.Web.csproj", "{D1F5AD16-E3A0-4303-8BEF-7FA912A152B4}"
EndProject
Project("{9A19103F-16F7-4668-BE54-9A1E7A4F7556}") = "IRunes.Data", "IRunes.Data\IRunes.Data.csproj", "{D6A35133-2499-43D4-8849-C36B9C03FF45}"
EndProject
Project("{9A19103F-16F7-4668-BE54-9A1E7A4F7556}") = "IRunes.Services", "IRunes.Services\IRunes.Services.csproj", "{00B61B69-385F-4A55-A336-393F05FAF00E}"
EndProject
Global
	GlobalSection(SolutionConfigurationPlatforms) = preSolution
		Debug|Any CPU = Debug|Any CPU
		Release|Any CPU = Release|Any CPU
	EndGlobalSection
	GlobalSection(ProjectConfigurationPlatforms) = postSolution
		{D67E13B8-AC3B-4512-B73A-41AE39B10157}.Debug|Any CPU.ActiveCfg = Debug|Any CPU
		{D67E13B8-AC3B-4512-B73A-41AE39B10157}.Debug|Any CPU.Build.0 = Debug|Any CPU
		{D67E13B8-AC3B-4512-B73A-41AE39B10157}.Release|Any CPU.ActiveCfg = Release|Any CPU
		{D67E13B8-AC3B-4512-B73A-41AE39B10157}.Release|Any CPU.Build.0 = Release|Any CPU
		{C25A9929-7CE1-43E3-A48C-9567A775519F}.Debug|Any CPU.ActiveCfg = Debug|Any CPU
		{C25A9929-7CE1-43E3-A48C-9567A775519F}.Debug|Any CPU.Build.0 = Debug|Any CPU
		{C25A9929-7CE1-43E3-A48C-9567A775519F}.Release|Any CPU.ActiveCfg = Release|Any CPU
		{C25A9929-7CE1-43E3-A48C-9567A775519F}.Release|Any CPU.Build.0 = Release|Any CPU
		{19DE7537-B813-4D59-A377-FE211381EE80}.Debug|Any CPU.ActiveCfg = Debug|Any CPU
		{19DE7537-B813-4D59-A377-FE211381EE80}.Debug|Any CPU.Build.0 = Debug|Any CPU
		{19DE7537-B813-4D59-A377-FE211381EE80}.Release|Any CPU.ActiveCfg = Release|Any CPU
		{19DE7537-B813-4D59-A377-FE211381EE80}.Release|Any CPU.Build.0 = Release|Any CPU
		{D1F5AD16-E3A0-4303-8BEF-7FA912A152B4}.Debug|Any CPU.ActiveCfg = Debug|Any CPU
		{D1F5AD16-E3A0-4303-8BEF-7FA912A152B4}.Debug|Any CPU.Build.0 = Debug|Any CPU
		{D1F5AD16-E3A0-4303-8BEF-7FA912A152B4}.Release|Any CPU.ActiveCfg = Release|Any CPU
		{D1F5AD16-E3A0-4303-8BEF-7FA912A152B4}.Release|Any CPU.Build.0 = Release|Any CPU
		{D6A35133-2499-43D4-8849-C36B9C03FF45}.Debug|Any CPU.ActiveCfg = Debug|Any CPU
		{D6A35133-2499-43D4-8849-C36B9C03FF45}.Debug|Any CPU.Build.0 = Debug|Any CPU
		{D6A35133-2499-43D4-8849-C36B9C03FF45}.Release|Any CPU.ActiveCfg = Release|Any CPU
		{D6A35133-2499-43D4-8849-C36B9C03FF45}.Release|Any CPU.Build.0 = Release|Any CPU
		{00B61B69-385F-4A55-A336-393F05FAF00E}.Debug|Any CPU.ActiveCfg = Debug|Any CPU
		{00B61B69-385F-4A55-A336-393F05FAF00E}.Debug|Any CPU.Build.0 = Debug|Any CPU
		{00B61B69-385F-4A55-A336-393F05FAF00E}.Release|Any CPU.ActiveCfg = Release|Any CPU
		{00B61B69-385F-4A55-A336-393F05FAF00E}.Release|Any CPU.Build.0 = Release|Any CPU
	EndGlobalSection
	GlobalSection(SolutionProperties) = preSolution
		HideSolutionNode = FALSE
	EndGlobalSection
	GlobalSection(NestedProjects) = preSolution
		{CB94902B-3B84-4C46-B5B5-AD78FC24638F} = {8F99F8C5-938A-454A-A38B-81B053239D27}
		{D1F5AD16-E3A0-4303-8BEF-7FA912A152B4} = {CB94902B-3B84-4C46-B5B5-AD78FC24638F}
		{D6A35133-2499-43D4-8849-C36B9C03FF45} = {CB94902B-3B84-4C46-B5B5-AD78FC24638F}
		{00B61B69-385F-4A55-A336-393F05FAF00E} = {CB94902B-3B84-4C46-B5B5-AD78FC24638F}
	EndGlobalSection
	GlobalSection(ExtensibilityGlobals) = postSolution
		SolutionGuid = {350D5A28-4812-48DE-93A1-EA59F0DF0198}
	EndGlobalSection
EndGlobal
