
Microsoft Visual Studio Solution File, Format Version 12.00
# Visual Studio 15
VisualStudioVersion = 15.0.28010.2026
MinimumVisualStudioVersion = 10.0.40219.1
Project("{9A19103F-16F7-4668-BE54-9A1E7A4F7556}") = "CarDealer.Web", "CarDealer.Web\CarDealer.Web.csproj", "{DEC66DB2-7D9E-40C3-8CAA-A4D03AE2D239}"
EndProject
Project("{9A19103F-16F7-4668-BE54-9A1E7A4F7556}") = "CarDealer.Data", "CarDealer.Data\CarDealer.Data.csproj", "{3460624A-BEEB-4D77-8751-C15A1378753D}"
EndProject
Project("{9A19103F-16F7-4668-BE54-9A1E7A4F7556}") = "CarDealer.Services", "CarDealer.Services\CarDealer.Services.csproj", "{6EA2DB76-1E02-4B95-9A45-CC0882519908}"
EndProject
Global
	GlobalSection(SolutionConfigurationPlatforms) = preSolution
		Debug|Any CPU = Debug|Any CPU
		Release|Any CPU = Release|Any CPU
	EndGlobalSection
	GlobalSection(ProjectConfigurationPlatforms) = postSolution
		{DEC66DB2-7D9E-40C3-8CAA-A4D03AE2D239}.Debug|Any CPU.ActiveCfg = Debug|Any CPU
		{DEC66DB2-7D9E-40C3-8CAA-A4D03AE2D239}.Debug|Any CPU.Build.0 = Debug|Any CPU
		{DEC66DB2-7D9E-40C3-8CAA-A4D03AE2D239}.Release|Any CPU.ActiveCfg = Release|Any CPU
		{DEC66DB2-7D9E-40C3-8CAA-A4D03AE2D239}.Release|Any CPU.Build.0 = Release|Any CPU
		{3460624A-BEEB-4D77-8751-C15A1378753D}.Debug|Any CPU.ActiveCfg = Debug|Any CPU
		{3460624A-BEEB-4D77-8751-C15A1378753D}.Debug|Any CPU.Build.0 = Debug|Any CPU
		{3460624A-BEEB-4D77-8751-C15A1378753D}.Release|Any CPU.ActiveCfg = Release|Any CPU
		{3460624A-BEEB-4D77-8751-C15A1378753D}.Release|Any CPU.Build.0 = Release|Any CPU
		{6EA2DB76-1E02-4B95-9A45-CC0882519908}.Debug|Any CPU.ActiveCfg = Debug|Any CPU
		{6EA2DB76-1E02-4B95-9A45-CC0882519908}.Debug|Any CPU.Build.0 = Debug|Any CPU
		{6EA2DB76-1E02-4B95-9A45-CC0882519908}.Release|Any CPU.ActiveCfg = Release|Any CPU
		{6EA2DB76-1E02-4B95-9A45-CC0882519908}.Release|Any CPU.Build.0 = Release|Any CPU
	EndGlobalSection
	GlobalSection(SolutionProperties) = preSolution
		HideSolutionNode = FALSE
	EndGlobalSection
	GlobalSection(ExtensibilityGlobals) = postSolution
		SolutionGuid = {8506ADC5-2D7A-4500-91EF-3D1CD4DFF565}
	EndGlobalSection
EndGlobal
